
Microsoft Visual Studio Solution File, Format Version 12.00
# Visual Studio 15
VisualStudioVersion = 15.0.28307.645
MinimumVisualStudioVersion = 10.0.40219.1
Project("{9A19103F-16F7-4668-BE54-9A1E7A4F7556}") = "Music.DataAccess", "Music.DataAccess\Music.DataAccess.csproj", "{B94B18C9-15F9-4068-A639-EB0D889D9F3E}"
EndProject
Project("{9A19103F-16F7-4668-BE54-9A1E7A4F7556}") = "Music.WebAPI", "Music.WebAPI\Music.WebAPI.csproj", "{E8A02F07-9D45-45D3-A96C-7297AFDEF9BC}"
EndProject
Project("{9A19103F-16F7-4668-BE54-9A1E7A4F7556}") = "Music.WebApiControllerTests", "Music.WebApiControllerTests\Music.WebApiControllerTests.csproj", "{1B16C40D-8C4E-45B7-94EF-F294F1016B4B}"
EndProject
Global
	GlobalSection(SolutionConfigurationPlatforms) = preSolution
		Debug|Any CPU = Debug|Any CPU
		Release|Any CPU = Release|Any CPU
	EndGlobalSection
	GlobalSection(ProjectConfigurationPlatforms) = postSolution
		{B94B18C9-15F9-4068-A639-EB0D889D9F3E}.Debug|Any CPU.ActiveCfg = Debug|Any CPU
		{B94B18C9-15F9-4068-A639-EB0D889D9F3E}.Debug|Any CPU.Build.0 = Debug|Any CPU
		{B94B18C9-15F9-4068-A639-EB0D889D9F3E}.Release|Any CPU.ActiveCfg = Release|Any CPU
		{B94B18C9-15F9-4068-A639-EB0D889D9F3E}.Release|Any CPU.Build.0 = Release|Any CPU
		{E8A02F07-9D45-45D3-A96C-7297AFDEF9BC}.Debug|Any CPU.ActiveCfg = Debug|Any CPU
		{E8A02F07-9D45-45D3-A96C-7297AFDEF9BC}.Debug|Any CPU.Build.0 = Debug|Any CPU
		{E8A02F07-9D45-45D3-A96C-7297AFDEF9BC}.Release|Any CPU.ActiveCfg = Release|Any CPU
		{E8A02F07-9D45-45D3-A96C-7297AFDEF9BC}.Release|Any CPU.Build.0 = Release|Any CPU
		{1B16C40D-8C4E-45B7-94EF-F294F1016B4B}.Debug|Any CPU.ActiveCfg = Debug|Any CPU
		{1B16C40D-8C4E-45B7-94EF-F294F1016B4B}.Debug|Any CPU.Build.0 = Debug|Any CPU
		{1B16C40D-8C4E-45B7-94EF-F294F1016B4B}.Release|Any CPU.ActiveCfg = Release|Any CPU
		{1B16C40D-8C4E-45B7-94EF-F294F1016B4B}.Release|Any CPU.Build.0 = Release|Any CPU
	EndGlobalSection
	GlobalSection(SolutionProperties) = preSolution
		HideSolutionNode = FALSE
	EndGlobalSection
	GlobalSection(ExtensibilityGlobals) = postSolution
		SolutionGuid = {5D9BE435-419C-4D48-AF08-0EBD68C38481}
	EndGlobalSection
EndGlobal
